// !$*UTF8*$!
{
	archiveVersion = 1;
	classes = {
	};
	objectVersion = 50;
	objects = {

/* Begin PBXBuildFile section */
		560D867925DC3BE60009CBF2 /* HomeViewController.swift in Sources */ = {isa = PBXBuildFile; fileRef = 560D867825DC3BE60009CBF2 /* HomeViewController.swift */; };
		560D867D25DC452E0009CBF2 /* SettingsViewController.swift in Sources */ = {isa = PBXBuildFile; fileRef = 560D867C25DC452E0009CBF2 /* SettingsViewController.swift */; };
		56585E0F25D3C00600581351 /* LoginViewController.swift in Sources */ = {isa = PBXBuildFile; fileRef = 56585E0E25D3C00600581351 /* LoginViewController.swift */; };
		56B0170A25D73462008C3143 /* SignUpViewController.swift in Sources */ = {isa = PBXBuildFile; fileRef = 56B0170925D73462008C3143 /* SignUpViewController.swift */; };
		56B78C4E25DCD63B006BF8CD /* ProfileTableViewController.swift in Sources */ = {isa = PBXBuildFile; fileRef = 56B78C4D25DCD63B006BF8CD /* ProfileTableViewController.swift */; };
		93050B8125D89CB200DA8BAB /* LambdaRequest.swift in Sources */ = {isa = PBXBuildFile; fileRef = 93050B8025D89CB200DA8BAB /* LambdaRequest.swift */; };
		93050BA025D8A47400DA8BAB /* ParadigmTests.swift in Sources */ = {isa = PBXBuildFile; fileRef = 93050B9F25D8A47400DA8BAB /* ParadigmTests.swift */; };
		93050BB825D8AD1200DA8BAB /* DataStructures.swift in Sources */ = {isa = PBXBuildFile; fileRef = 93050BB725D8AD1200DA8BAB /* DataStructures.swift */; };
		9351741125D1CBFC00BCFCB7 /* AppDelegate.swift in Sources */ = {isa = PBXBuildFile; fileRef = 9351741025D1CBFC00BCFCB7 /* AppDelegate.swift */; };
		9351741325D1CBFC00BCFCB7 /* SceneDelegate.swift in Sources */ = {isa = PBXBuildFile; fileRef = 9351741225D1CBFC00BCFCB7 /* SceneDelegate.swift */; };
		9351741A25D1CBFC00BCFCB7 /* Main.storyboard in Resources */ = {isa = PBXBuildFile; fileRef = 9351741825D1CBFC00BCFCB7 /* Main.storyboard */; };
		9351741C25D1CBFE00BCFCB7 /* Assets.xcassets in Resources */ = {isa = PBXBuildFile; fileRef = 9351741B25D1CBFE00BCFCB7 /* Assets.xcassets */; };
		9351741F25D1CBFE00BCFCB7 /* LaunchScreen.storyboard in Resources */ = {isa = PBXBuildFile; fileRef = 9351741D25D1CBFE00BCFCB7 /* LaunchScreen.storyboard */; };
/* End PBXBuildFile section */

/* Begin PBXContainerItemProxy section */
		93050BA225D8A47400DA8BAB /* PBXContainerItemProxy */ = {
			isa = PBXContainerItemProxy;
			containerPortal = 9351740525D1CBFC00BCFCB7 /* Project object */;
			proxyType = 1;
			remoteGlobalIDString = 9351740C25D1CBFC00BCFCB7;
			remoteInfo = Paradigm;
		};
/* End PBXContainerItemProxy section */

/* Begin PBXFileReference section */
		560D867825DC3BE60009CBF2 /* HomeViewController.swift */ = {isa = PBXFileReference; lastKnownFileType = sourcecode.swift; path = HomeViewController.swift; sourceTree = "<group>"; };
		560D867C25DC452E0009CBF2 /* SettingsViewController.swift */ = {isa = PBXFileReference; lastKnownFileType = sourcecode.swift; path = SettingsViewController.swift; sourceTree = "<group>"; };
		56585E0E25D3C00600581351 /* LoginViewController.swift */ = {isa = PBXFileReference; lastKnownFileType = sourcecode.swift; path = LoginViewController.swift; sourceTree = "<group>"; };
		56B0170925D73462008C3143 /* SignUpViewController.swift */ = {isa = PBXFileReference; lastKnownFileType = sourcecode.swift; path = SignUpViewController.swift; sourceTree = "<group>"; };
		56B78C4D25DCD63B006BF8CD /* ProfileTableViewController.swift */ = {isa = PBXFileReference; lastKnownFileType = sourcecode.swift; path = ProfileTableViewController.swift; sourceTree = "<group>"; };
		93050B8025D89CB200DA8BAB /* LambdaRequest.swift */ = {isa = PBXFileReference; lastKnownFileType = sourcecode.swift; path = LambdaRequest.swift; sourceTree = "<group>"; };
		93050B9D25D8A47400DA8BAB /* ParadigmTests.xctest */ = {isa = PBXFileReference; explicitFileType = wrapper.cfbundle; includeInIndex = 0; path = ParadigmTests.xctest; sourceTree = BUILT_PRODUCTS_DIR; };
		93050B9F25D8A47400DA8BAB /* ParadigmTests.swift */ = {isa = PBXFileReference; lastKnownFileType = sourcecode.swift; path = ParadigmTests.swift; sourceTree = "<group>"; };
		93050BA125D8A47400DA8BAB /* Info.plist */ = {isa = PBXFileReference; lastKnownFileType = text.plist.xml; path = Info.plist; sourceTree = "<group>"; };
		93050BB725D8AD1200DA8BAB /* DataStructures.swift */ = {isa = PBXFileReference; lastKnownFileType = sourcecode.swift; path = DataStructures.swift; sourceTree = "<group>"; };
		9351740D25D1CBFC00BCFCB7 /* Paradigm.app */ = {isa = PBXFileReference; explicitFileType = wrapper.application; includeInIndex = 0; path = Paradigm.app; sourceTree = BUILT_PRODUCTS_DIR; };
		9351741025D1CBFC00BCFCB7 /* AppDelegate.swift */ = {isa = PBXFileReference; lastKnownFileType = sourcecode.swift; path = AppDelegate.swift; sourceTree = "<group>"; };
		9351741225D1CBFC00BCFCB7 /* SceneDelegate.swift */ = {isa = PBXFileReference; lastKnownFileType = sourcecode.swift; path = SceneDelegate.swift; sourceTree = "<group>"; };
		9351741925D1CBFC00BCFCB7 /* Base */ = {isa = PBXFileReference; lastKnownFileType = file.storyboard; name = Base; path = Base.lproj/Main.storyboard; sourceTree = "<group>"; };
		9351741B25D1CBFE00BCFCB7 /* Assets.xcassets */ = {isa = PBXFileReference; lastKnownFileType = folder.assetcatalog; path = Assets.xcassets; sourceTree = "<group>"; };
		9351741E25D1CBFE00BCFCB7 /* Base */ = {isa = PBXFileReference; lastKnownFileType = file.storyboard; name = Base; path = Base.lproj/LaunchScreen.storyboard; sourceTree = "<group>"; };
		9351742025D1CBFE00BCFCB7 /* Info.plist */ = {isa = PBXFileReference; lastKnownFileType = text.plist.xml; path = Info.plist; sourceTree = "<group>"; };
/* End PBXFileReference section */

/* Begin PBXFrameworksBuildPhase section */
		93050B9A25D8A47400DA8BAB /* Frameworks */ = {
			isa = PBXFrameworksBuildPhase;
			buildActionMask = 2147483647;
			files = (
			);
			runOnlyForDeploymentPostprocessing = 0;
		};
		9351740A25D1CBFC00BCFCB7 /* Frameworks */ = {
			isa = PBXFrameworksBuildPhase;
			buildActionMask = 2147483647;
			files = (
			);
			runOnlyForDeploymentPostprocessing = 0;
		};
/* End PBXFrameworksBuildPhase section */

/* Begin PBXGroup section */
		56B0170825D73421008C3143 /* ViewControllers */ = {
			isa = PBXGroup;
			children = (
				56585E0E25D3C00600581351 /* LoginViewController.swift */,
				56B0170925D73462008C3143 /* SignUpViewController.swift */,
				560D867825DC3BE60009CBF2 /* HomeViewController.swift */,
				560D867C25DC452E0009CBF2 /* SettingsViewController.swift */,
				56B78C4D25DCD63B006BF8CD /* ProfileTableViewController.swift */,
			);
			path = ViewControllers;
			sourceTree = "<group>";
		};
		93050B8725D8A19E00DA8BAB /* aws_endpoint */ = {
			isa = PBXGroup;
			children = (
				93050B8025D89CB200DA8BAB /* LambdaRequest.swift */,
				93050BB725D8AD1200DA8BAB /* DataStructures.swift */,
			);
			path = aws_endpoint;
			sourceTree = "<group>";
		};
		93050B9E25D8A47400DA8BAB /* ParadigmTests */ = {
			isa = PBXGroup;
			children = (
				93050B9F25D8A47400DA8BAB /* ParadigmTests.swift */,
				93050BA125D8A47400DA8BAB /* Info.plist */,
			);
			path = ParadigmTests;
			sourceTree = "<group>";
		};
		9351740425D1CBFC00BCFCB7 = {
			isa = PBXGroup;
			children = (
				9351740F25D1CBFC00BCFCB7 /* Paradigm */,
				93050B9E25D8A47400DA8BAB /* ParadigmTests */,
				9351740E25D1CBFC00BCFCB7 /* Products */,
			);
			sourceTree = "<group>";
		};
		9351740E25D1CBFC00BCFCB7 /* Products */ = {
			isa = PBXGroup;
			children = (
				9351740D25D1CBFC00BCFCB7 /* Paradigm.app */,
				93050B9D25D8A47400DA8BAB /* ParadigmTests.xctest */,
			);
			name = Products;
			sourceTree = "<group>";
		};
		9351740F25D1CBFC00BCFCB7 /* Paradigm */ = {
			isa = PBXGroup;
			children = (
				93050B8725D8A19E00DA8BAB /* aws_endpoint */,
				56B0170825D73421008C3143 /* ViewControllers */,
				9351741025D1CBFC00BCFCB7 /* AppDelegate.swift */,
				9351741225D1CBFC00BCFCB7 /* SceneDelegate.swift */,
				9351741825D1CBFC00BCFCB7 /* Main.storyboard */,
				9351741B25D1CBFE00BCFCB7 /* Assets.xcassets */,
				9351741D25D1CBFE00BCFCB7 /* LaunchScreen.storyboard */,
				9351742025D1CBFE00BCFCB7 /* Info.plist */,
			);
			path = Paradigm;
			sourceTree = "<group>";
		};
/* End PBXGroup section */

/* Begin PBXNativeTarget section */
		93050B9C25D8A47400DA8BAB /* ParadigmTests */ = {
			isa = PBXNativeTarget;
			buildConfigurationList = 93050BA425D8A47400DA8BAB /* Build configuration list for PBXNativeTarget "ParadigmTests" */;
			buildPhases = (
				93050B9925D8A47400DA8BAB /* Sources */,
				93050B9A25D8A47400DA8BAB /* Frameworks */,
				93050B9B25D8A47400DA8BAB /* Resources */,
			);
			buildRules = (
			);
			dependencies = (
				93050BA325D8A47400DA8BAB /* PBXTargetDependency */,
			);
			name = ParadigmTests;
			productName = ParadigmTests;
			productReference = 93050B9D25D8A47400DA8BAB /* ParadigmTests.xctest */;
			productType = "com.apple.product-type.bundle.unit-test";
		};
		9351740C25D1CBFC00BCFCB7 /* Paradigm */ = {
			isa = PBXNativeTarget;
			buildConfigurationList = 9351742325D1CBFE00BCFCB7 /* Build configuration list for PBXNativeTarget "Paradigm" */;
			buildPhases = (
				9351740925D1CBFC00BCFCB7 /* Sources */,
				9351740A25D1CBFC00BCFCB7 /* Frameworks */,
				9351740B25D1CBFC00BCFCB7 /* Resources */,
			);
			buildRules = (
			);
			dependencies = (
			);
			name = Paradigm;
			productName = Paradigm;
			productReference = 9351740D25D1CBFC00BCFCB7 /* Paradigm.app */;
			productType = "com.apple.product-type.application";
		};
/* End PBXNativeTarget section */

/* Begin PBXProject section */
		9351740525D1CBFC00BCFCB7 /* Project object */ = {
			isa = PBXProject;
			attributes = {
				LastSwiftUpdateCheck = 1240;
				LastUpgradeCheck = 1130;
				ORGANIZATIONNAME = team5;
				TargetAttributes = {
					93050B9C25D8A47400DA8BAB = {
						CreatedOnToolsVersion = 12.4;
						TestTargetID = 9351740C25D1CBFC00BCFCB7;
					};
					9351740C25D1CBFC00BCFCB7 = {
						CreatedOnToolsVersion = 11.3.1;
					};
				};
			};
			buildConfigurationList = 9351740825D1CBFC00BCFCB7 /* Build configuration list for PBXProject "Paradigm" */;
			compatibilityVersion = "Xcode 9.3";
			developmentRegion = en;
			hasScannedForEncodings = 0;
			knownRegions = (
				en,
				Base,
			);
			mainGroup = 9351740425D1CBFC00BCFCB7;
			productRefGroup = 9351740E25D1CBFC00BCFCB7 /* Products */;
			projectDirPath = "";
			projectRoot = "";
			targets = (
				9351740C25D1CBFC00BCFCB7 /* Paradigm */,
				93050B9C25D8A47400DA8BAB /* ParadigmTests */,
			);
		};
/* End PBXProject section */

/* Begin PBXResourcesBuildPhase section */
		93050B9B25D8A47400DA8BAB /* Resources */ = {
			isa = PBXResourcesBuildPhase;
			buildActionMask = 2147483647;
			files = (
			);
			runOnlyForDeploymentPostprocessing = 0;
		};
		9351740B25D1CBFC00BCFCB7 /* Resources */ = {
			isa = PBXResourcesBuildPhase;
			buildActionMask = 2147483647;
			files = (
				9351741F25D1CBFE00BCFCB7 /* LaunchScreen.storyboard in Resources */,
				9351741C25D1CBFE00BCFCB7 /* Assets.xcassets in Resources */,
				9351741A25D1CBFC00BCFCB7 /* Main.storyboard in Resources */,
			);
			runOnlyForDeploymentPostprocessing = 0;
		};
/* End PBXResourcesBuildPhase section */

/* Begin PBXSourcesBuildPhase section */
		93050B9925D8A47400DA8BAB /* Sources */ = {
			isa = PBXSourcesBuildPhase;
			buildActionMask = 2147483647;
			files = (
				93050BA025D8A47400DA8BAB /* ParadigmTests.swift in Sources */,
			);
			runOnlyForDeploymentPostprocessing = 0;
		};
		9351740925D1CBFC00BCFCB7 /* Sources */ = {
			isa = PBXSourcesBuildPhase;
			buildActionMask = 2147483647;
			files = (
				56B78C4E25DCD63B006BF8CD /* ProfileTableViewController.swift in Sources */,
				93050B8125D89CB200DA8BAB /* LambdaRequest.swift in Sources */,
				56585E0F25D3C00600581351 /* LoginViewController.swift in Sources */,
				9351741125D1CBFC00BCFCB7 /* AppDelegate.swift in Sources */,
				93050BB825D8AD1200DA8BAB /* DataStructures.swift in Sources */,
				56B0170A25D73462008C3143 /* SignUpViewController.swift in Sources */,
				560D867925DC3BE60009CBF2 /* HomeViewController.swift in Sources */,
				9351741325D1CBFC00BCFCB7 /* SceneDelegate.swift in Sources */,
				560D867D25DC452E0009CBF2 /* SettingsViewController.swift in Sources */,
			);
			runOnlyForDeploymentPostprocessing = 0;
		};
/* End PBXSourcesBuildPhase section */

/* Begin PBXTargetDependency section */
		93050BA325D8A47400DA8BAB /* PBXTargetDependency */ = {
			isa = PBXTargetDependency;
			target = 9351740C25D1CBFC00BCFCB7 /* Paradigm */;
			targetProxy = 93050BA225D8A47400DA8BAB /* PBXContainerItemProxy */;
		};
/* End PBXTargetDependency section */

/* Begin PBXVariantGroup section */
		9351741825D1CBFC00BCFCB7 /* Main.storyboard */ = {
			isa = PBXVariantGroup;
			children = (
				9351741925D1CBFC00BCFCB7 /* Base */,
			);
			name = Main.storyboard;
			sourceTree = "<group>";
		};
		9351741D25D1CBFE00BCFCB7 /* LaunchScreen.storyboard */ = {
			isa = PBXVariantGroup;
			children = (
				9351741E25D1CBFE00BCFCB7 /* Base */,
			);
			name = LaunchScreen.storyboard;
			sourceTree = "<group>";
		};
/* End PBXVariantGroup section */

/* Begin XCBuildConfiguration section */
		93050BA525D8A47400DA8BAB /* Debug */ = {
			isa = XCBuildConfiguration;
			buildSettings = {
				BUNDLE_LOADER = "$(TEST_HOST)";
				CLANG_WARN_QUOTED_INCLUDE_IN_FRAMEWORK_HEADER = YES;
				CODE_SIGN_STYLE = Automatic;
				DEVELOPMENT_TEAM = 73757FA67G;
				INFOPLIST_FILE = ParadigmTests/Info.plist;
				IPHONEOS_DEPLOYMENT_TARGET = 14.4;
				LD_RUNPATH_SEARCH_PATHS = (
					"$(inherited)",
					"@executable_path/Frameworks",
					"@loader_path/Frameworks",
				);
				PRODUCT_BUNDLE_IDENTIFIER = team5.ParadigmTests;
				PRODUCT_NAME = "$(TARGET_NAME)";
				SWIFT_VERSION = 5.0;
				TARGETED_DEVICE_FAMILY = "1,2";
				TEST_HOST = "$(BUILT_PRODUCTS_DIR)/Paradigm.app/Paradigm";
			};
			name = Debug;
		};
		93050BA625D8A47400DA8BAB /* Release */ = {
			isa = XCBuildConfiguration;
			buildSettings = {
				BUNDLE_LOADER = "$(TEST_HOST)";
				CLANG_WARN_QUOTED_INCLUDE_IN_FRAMEWORK_HEADER = YES;
				CODE_SIGN_STYLE = Automatic;
				DEVELOPMENT_TEAM = 73757FA67G;
				INFOPLIST_FILE = ParadigmTests/Info.plist;
				IPHONEOS_DEPLOYMENT_TARGET = 14.4;
				LD_RUNPATH_SEARCH_PATHS = (
					"$(inherited)",
					"@executable_path/Frameworks",
					"@loader_path/Frameworks",
				);
				PRODUCT_BUNDLE_IDENTIFIER = team5.ParadigmTests;
				PRODUCT_NAME = "$(TARGET_NAME)";
				SWIFT_VERSION = 5.0;
				TARGETED_DEVICE_FAMILY = "1,2";
				TEST_HOST = "$(BUILT_PRODUCTS_DIR)/Paradigm.app/Paradigm";
			};
			name = Release;
		};
		9351742125D1CBFE00BCFCB7 /* Debug */ = {
			isa = XCBuildConfiguration;
			buildSettings = {
				ALWAYS_SEARCH_USER_PATHS = NO;
				CLANG_ANALYZER_NONNULL = YES;
				CLANG_ANALYZER_NUMBER_OBJECT_CONVERSION = YES_AGGRESSIVE;
				CLANG_CXX_LANGUAGE_STANDARD = "gnu++14";
				CLANG_CXX_LIBRARY = "libc++";
				CLANG_ENABLE_MODULES = YES;
				CLANG_ENABLE_OBJC_ARC = YES;
				CLANG_ENABLE_OBJC_WEAK = YES;
				CLANG_WARN_BLOCK_CAPTURE_AUTORELEASING = YES;
				CLANG_WARN_BOOL_CONVERSION = YES;
				CLANG_WARN_COMMA = YES;
				CLANG_WARN_CONSTANT_CONVERSION = YES;
				CLANG_WARN_DEPRECATED_OBJC_IMPLEMENTATIONS = YES;
				CLANG_WARN_DIRECT_OBJC_ISA_USAGE = YES_ERROR;
				CLANG_WARN_DOCUMENTATION_COMMENTS = YES;
				CLANG_WARN_EMPTY_BODY = YES;
				CLANG_WARN_ENUM_CONVERSION = YES;
				CLANG_WARN_INFINITE_RECURSION = YES;
				CLANG_WARN_INT_CONVERSION = YES;
				CLANG_WARN_NON_LITERAL_NULL_CONVERSION = YES;
				CLANG_WARN_OBJC_IMPLICIT_RETAIN_SELF = YES;
				CLANG_WARN_OBJC_LITERAL_CONVERSION = YES;
				CLANG_WARN_OBJC_ROOT_CLASS = YES_ERROR;
				CLANG_WARN_RANGE_LOOP_ANALYSIS = YES;
				CLANG_WARN_STRICT_PROTOTYPES = YES;
				CLANG_WARN_SUSPICIOUS_MOVE = YES;
				CLANG_WARN_UNGUARDED_AVAILABILITY = YES_AGGRESSIVE;
				CLANG_WARN_UNREACHABLE_CODE = YES;
				CLANG_WARN__DUPLICATE_METHOD_MATCH = YES;
				COPY_PHASE_STRIP = NO;
				DEBUG_INFORMATION_FORMAT = dwarf;
				ENABLE_STRICT_OBJC_MSGSEND = YES;
				ENABLE_TESTABILITY = YES;
				GCC_C_LANGUAGE_STANDARD = gnu11;
				GCC_DYNAMIC_NO_PIC = NO;
				GCC_NO_COMMON_BLOCKS = YES;
				GCC_OPTIMIZATION_LEVEL = 0;
				GCC_PREPROCESSOR_DEFINITIONS = (
					"DEBUG=1",
					"$(inherited)",
				);
				GCC_WARN_64_TO_32_BIT_CONVERSION = YES;
				GCC_WARN_ABOUT_RETURN_TYPE = YES_ERROR;
				GCC_WARN_UNDECLARED_SELECTOR = YES;
				GCC_WARN_UNINITIALIZED_AUTOS = YES_AGGRESSIVE;
				GCC_WARN_UNUSED_FUNCTION = YES;
				GCC_WARN_UNUSED_VARIABLE = YES;
				IPHONEOS_DEPLOYMENT_TARGET = 13.2;
				MTL_ENABLE_DEBUG_INFO = INCLUDE_SOURCE;
				MTL_FAST_MATH = YES;
				ONLY_ACTIVE_ARCH = YES;
				SDKROOT = iphoneos;
				SWIFT_ACTIVE_COMPILATION_CONDITIONS = DEBUG;
				SWIFT_OPTIMIZATION_LEVEL = "-Onone";
			};
			name = Debug;
		};
		9351742225D1CBFE00BCFCB7 /* Release */ = {
			isa = XCBuildConfiguration;
			buildSettings = {
				ALWAYS_SEARCH_USER_PATHS = NO;
				CLANG_ANALYZER_NONNULL = YES;
				CLANG_ANALYZER_NUMBER_OBJECT_CONVERSION = YES_AGGRESSIVE;
				CLANG_CXX_LANGUAGE_STANDARD = "gnu++14";
				CLANG_CXX_LIBRARY = "libc++";
				CLANG_ENABLE_MODULES = YES;
				CLANG_ENABLE_OBJC_ARC = YES;
				CLANG_ENABLE_OBJC_WEAK = YES;
				CLANG_WARN_BLOCK_CAPTURE_AUTORELEASING = YES;
				CLANG_WARN_BOOL_CONVERSION = YES;
				CLANG_WARN_COMMA = YES;
				CLANG_WARN_CONSTANT_CONVERSION = YES;
				CLANG_WARN_DEPRECATED_OBJC_IMPLEMENTATIONS = YES;
				CLANG_WARN_DIRECT_OBJC_ISA_USAGE = YES_ERROR;
				CLANG_WARN_DOCUMENTATION_COMMENTS = YES;
				CLANG_WARN_EMPTY_BODY = YES;
				CLANG_WARN_ENUM_CONVERSION = YES;
				CLANG_WARN_INFINITE_RECURSION = YES;
				CLANG_WARN_INT_CONVERSION = YES;
				CLANG_WARN_NON_LITERAL_NULL_CONVERSION = YES;
				CLANG_WARN_OBJC_IMPLICIT_RETAIN_SELF = YES;
				CLANG_WARN_OBJC_LITERAL_CONVERSION = YES;
				CLANG_WARN_OBJC_ROOT_CLASS = YES_ERROR;
				CLANG_WARN_RANGE_LOOP_ANALYSIS = YES;
				CLANG_WARN_STRICT_PROTOTYPES = YES;
				CLANG_WARN_SUSPICIOUS_MOVE = YES;
				CLANG_WARN_UNGUARDED_AVAILABILITY = YES_AGGRESSIVE;
				CLANG_WARN_UNREACHABLE_CODE = YES;
				CLANG_WARN__DUPLICATE_METHOD_MATCH = YES;
				COPY_PHASE_STRIP = NO;
				DEBUG_INFORMATION_FORMAT = "dwarf-with-dsym";
				ENABLE_NS_ASSERTIONS = NO;
				ENABLE_STRICT_OBJC_MSGSEND = YES;
				GCC_C_LANGUAGE_STANDARD = gnu11;
				GCC_NO_COMMON_BLOCKS = YES;
				GCC_WARN_64_TO_32_BIT_CONVERSION = YES;
				GCC_WARN_ABOUT_RETURN_TYPE = YES_ERROR;
				GCC_WARN_UNDECLARED_SELECTOR = YES;
				GCC_WARN_UNINITIALIZED_AUTOS = YES_AGGRESSIVE;
				GCC_WARN_UNUSED_FUNCTION = YES;
				GCC_WARN_UNUSED_VARIABLE = YES;
				IPHONEOS_DEPLOYMENT_TARGET = 13.2;
				MTL_ENABLE_DEBUG_INFO = NO;
				MTL_FAST_MATH = YES;
				SDKROOT = iphoneos;
				SWIFT_COMPILATION_MODE = wholemodule;
				SWIFT_OPTIMIZATION_LEVEL = "-O";
				VALIDATE_PRODUCT = YES;
			};
			name = Release;
		};
		9351742425D1CBFE00BCFCB7 /* Debug */ = {
			isa = XCBuildConfiguration;
			buildSettings = {
				ASSETCATALOG_COMPILER_APPICON_NAME = AppIcon;
				CODE_SIGN_STYLE = Automatic;
				DEVELOPMENT_TEAM = 73757FA67G;
				INFOPLIST_FILE = Paradigm/Info.plist;
				LD_RUNPATH_SEARCH_PATHS = (
					"$(inherited)",
					"@executable_path/Frameworks",
				);
				PRODUCT_BUNDLE_IDENTIFIER = team5.Paradigm;
				PRODUCT_NAME = "$(TARGET_NAME)";
				SWIFT_VERSION = 5.0;
				TARGETED_DEVICE_FAMILY = "1,2";
			};
			name = Debug;
		};
		9351742525D1CBFE00BCFCB7 /* Release */ = {
			isa = XCBuildConfiguration;
			buildSettings = {
				ASSETCATALOG_COMPILER_APPICON_NAME = AppIcon;
				CODE_SIGN_STYLE = Automatic;
				DEVELOPMENT_TEAM = 73757FA67G;
				INFOPLIST_FILE = Paradigm/Info.plist;
				LD_RUNPATH_SEARCH_PATHS = (
					"$(inherited)",
					"@executable_path/Frameworks",
				);
				PRODUCT_BUNDLE_IDENTIFIER = team5.Paradigm;
				PRODUCT_NAME = "$(TARGET_NAME)";
				SWIFT_VERSION = 5.0;
				TARGETED_DEVICE_FAMILY = "1,2";
			};
			name = Release;
		};
/* End XCBuildConfiguration section */

/* Begin XCConfigurationList section */
		93050BA425D8A47400DA8BAB /* Build configuration list for PBXNativeTarget "ParadigmTests" */ = {
			isa = XCConfigurationList;
			buildConfigurations = (
				93050BA525D8A47400DA8BAB /* Debug */,
				93050BA625D8A47400DA8BAB /* Release */,
			);
			defaultConfigurationIsVisible = 0;
			defaultConfigurationName = Release;
		};
		9351740825D1CBFC00BCFCB7 /* Build configuration list for PBXProject "Paradigm" */ = {
			isa = XCConfigurationList;
			buildConfigurations = (
				9351742125D1CBFE00BCFCB7 /* Debug */,
				9351742225D1CBFE00BCFCB7 /* Release */,
			);
			defaultConfigurationIsVisible = 0;
			defaultConfigurationName = Release;
		};
		9351742325D1CBFE00BCFCB7 /* Build configuration list for PBXNativeTarget "Paradigm" */ = {
			isa = XCConfigurationList;
			buildConfigurations = (
				9351742425D1CBFE00BCFCB7 /* Debug */,
				9351742525D1CBFE00BCFCB7 /* Release */,
			);
			defaultConfigurationIsVisible = 0;
			defaultConfigurationName = Release;
		};
/* End XCConfigurationList section */
	};
	rootObject = 9351740525D1CBFC00BCFCB7 /* Project object */;
}
